
Microsoft Visual Studio Solution File, Format Version 12.00
# Visual Studio Version 17
VisualStudioVersion = 17.7.34221.43
MinimumVisualStudioVersion = 10.0.40219.1
Project("{9A19103F-16F7-4668-BE54-9A1E7A4F7556}") = "WatchWhereYouStab", "WatchWhereYouStab.csproj", "{8C07B531-89D2-49A1-BF55-DB8C7D9B41FC}"
EndProject
Global
	GlobalSection(SolutionConfigurationPlatforms) = preSolution
		Debug|Any CPU = Debug|Any CPU
		Release|Any CPU = Release|Any CPU
	EndGlobalSection
	GlobalSection(ProjectConfigurationPlatforms) = postSolution
		{8C07B531-89D2-49A1-BF55-DB8C7D9B41FC}.Debug|Any CPU.ActiveCfg = Debug|Any CPU
		{8C07B531-89D2-49A1-BF55-DB8C7D9B41FC}.Debug|Any CPU.Build.0 = Debug|Any CPU
		{8C07B531-89D2-49A1-BF55-DB8C7D9B41FC}.Release|Any CPU.ActiveCfg = Release|Any CPU
		{8C07B531-89D2-49A1-BF55-DB8C7D9B41FC}.Release|Any CPU.Build.0 = Release|Any CPU
	EndGlobalSection
	GlobalSection(SolutionProperties) = preSolution
		HideSolutionNode = FALSE
	EndGlobalSection
	GlobalSection(ExtensibilityGlobals) = postSolution
		SolutionGuid = {8C26904A-FDB6-4041-AD7A-1B63742E1C5F}
	EndGlobalSection
EndGlobal
